version = 1
revision = 1
requires-python = ">=3.11"

[[package]]
name = "annotated-types"
version = "0.7.0"
source = { registry = "https://pypi.org/simple" }
sdist = { url = "https://files.pythonhosted.org/packages/ee/67/531ea369ba64dcff5ec9c3402f9f51bf748cec26dde048a2f973a4eea7f5/annotated_types-0.7.0.tar.gz", hash = "sha256:aff07c09a53a08bc8cfccb9c85b05f1aa9a2a6f23728d790723543408344ce89", size = 16081 }
wheels = [
    { url = "https://files.pythonhosted.org/packages/78/b6/6307fbef88d9b5ee7421e68d78a9f162e0da4900bc5f5793f6d3d0e34fb8/annotated_types-0.7.0-py3-none-any.whl", hash = "sha256:1f02e8b43a8fbbc3f3e0d4f0f4bfc8131bcb4eebe8849b8e5c773f3a1c582a53", size = 13643 },
]

[[package]]
name = "anyio"
version = "3.7.1"
source = { registry = "https://pypi.org/simple" }
dependencies = [
    { name = "idna" },
    { name = "sniffio" },
]
sdist = { url = "https://files.pythonhosted.org/packages/28/99/2dfd53fd55ce9838e6ff2d4dac20ce58263798bd1a0dbe18b3a9af3fcfce/anyio-3.7.1.tar.gz", hash = "sha256:44a3c9aba0f5defa43261a8b3efb97891f2bd7d804e0e1f56419befa1adfc780", size = 142927 }
wheels = [
    { url = "https://files.pythonhosted.org/packages/19/24/44299477fe7dcc9cb58d0a57d5a7588d6af2ff403fdd2d47a246c91a3246/anyio-3.7.1-py3-none-any.whl", hash = "sha256:91dee416e570e92c64041bd18b900d1d6fa78dff7048769ce5ac5ddad004fbb5", size = 80896 },
]

[[package]]
name = "click"
version = "8.1.8"
source = { registry = "https://pypi.org/simple" }
dependencies = [
    { name = "colorama", marker = "sys_platform == 'win32'" },
]
sdist = { url = "https://files.pythonhosted.org/packages/b9/2e/0090cbf739cee7d23781ad4b89a9894a41538e4fcf4c31dcdd705b78eb8b/click-8.1.8.tar.gz", hash = "sha256:ed53c9d8990d83c2a27deae68e4ee337473f6330c040a31d4225c9574d16096a", size = 226593 }
wheels = [
    { url = "https://files.pythonhosted.org/packages/7e/d4/7ebdbd03970677812aac39c869717059dbb71a4cfc033ca6e5221787892c/click-8.1.8-py3-none-any.whl", hash = "sha256:63c132bbbed01578a06712a2d1f497bb62d9c1c0d329b7903a866228027263b2", size = 98188 },
]

[[package]]
name = "colorama"
version = "0.4.6"
source = { registry = "https://pypi.org/simple" }
sdist = { url = "https://files.pythonhosted.org/packages/d8/53/6f443c9a4a8358a93a6792e2acffb9d9d5cb0a5cfd8802644b7b1c9a02e4/colorama-0.4.6.tar.gz", hash = "sha256:08695f5cb7ed6e0531a20572697297273c47b8cae5a63ffc6d6ed5c201be6e44", size = 27697 }
wheels = [
    { url = "https://files.pythonhosted.org/packages/d1/d6/3965ed04c63042e047cb6a3e6ed1a63a35087b6a609aa3a15ed8ac56c221/colorama-0.4.6-py2.py3-none-any.whl", hash = "sha256:4f1d9991f5acc0ca119f9d443620b77f9d6b33703e51011c16baf57afb285fc6", size = 25335 },
]

[[package]]
name = "fastapi"
version = "0.104.1"
source = { registry = "https://pypi.org/simple" }
dependencies = [
    { name = "anyio" },
    { name = "pydantic" },
    { name = "starlette" },
    { name = "typing-extensions" },
]
sdist = { url = "https://files.pythonhosted.org/packages/d9/d8/002e0ba7cf848a981b3ee92aaf5aa396c5700b0d7dec5d060031432a87d8/fastapi-0.104.1.tar.gz", hash = "sha256:e5e4540a7c5e1dcfbbcf5b903c234feddcdcd881f191977a1c5dfd917487e7ae", size = 11295150 }
wheels = [
    { url = "https://files.pythonhosted.org/packages/f3/4f/0ce34195b63240b6693086496c9bab4ef23999112184399a3e88854c7674/fastapi-0.104.1-py3-none-any.whl", hash = "sha256:752dc31160cdbd0436bb93bad51560b57e525cbb1d4bbf6f4904ceee75548241", size = 92862 },
]

[[package]]
name = "h11"
version = "0.14.0"
source = { registry = "https://pypi.org/simple" }
sdist = { url = "https://files.pythonhosted.org/packages/f5/38/3af3d3633a34a3316095b39c8e8fb4853a28a536e55d347bd8d8e9a14b03/h11-0.14.0.tar.gz", hash = "sha256:8f19fbbe99e72420ff35c00b27a34cb9937e902a8b810e2c88300c6f0a3b699d", size = 100418 }
wheels = [
    { url = "https://files.pythonhosted.org/packages/95/04/ff642e65ad6b90db43e668d70ffb6736436c7ce41fcc549f4e9472234127/h11-0.14.0-py3-none-any.whl", hash = "sha256:e3fe4ac4b851c468cc8363d500db52c2ead036020723024a109d37346efaa761", size = 58259 },
]

[[package]]
name = "idna"
version = "3.10"
source = { registry = "https://pypi.org/simple" }
sdist = { url = "https://files.pythonhosted.org/packages/f1/70/7703c29685631f5a7590aa73f1f1d3fa9a380e654b86af429e0934a32f7d/idna-3.10.tar.gz", hash = "sha256:12f65c9b470abda6dc35cf8e63cc574b1c52b11df2c86030af0ac09b01b13ea9", size = 190490 }
wheels = [
    { url = "https://files.pythonhosted.org/packages/76/c6/c88e154df9c4e1a2a66ccf0005a88dfb2650c1dffb6f5ce603dfbd452ce3/idna-3.10-py3-none-any.whl", hash = "sha256:946d195a0d259cbba61165e88e65941f16e9b36ea6ddb97f00452bae8b1287d3", size = 70442 },
]

[[package]]
name = "lab2"
version = "0.1.0"
source = { virtual = "." }
dependencies = [
    { name = "fastapi" },
    { name = "pydantic" },
    { name = "python-multipart" },
    { name = "uvicorn" },
]

[package.metadata]
requires-dist = [
    { name = "fastapi", specifier = "==0.104.1" },
    { name = "pydantic", specifier = "==2.4.2" },
    { name = "python-multipart", specifier = "==0.0.6" },
    { name = "uvicorn", specifier = "==0.23.2" },
]

[[package]]
name = "pydantic"
version = "2.4.2"
source = { registry = "https://pypi.org/simple" }
dependencies = [
    { name = "annotated-types" },
    { name = "pydantic-core" },
    { name = "typing-extensions" },
]
sdist = { url = "https://files.pythonhosted.org/packages/df/e8/4f94ebd6972eff3babcea695d9634a4d60bea63955b9a4a413ec2fd3dd41/pydantic-2.4.2.tar.gz", hash = "sha256:94f336138093a5d7f426aac732dcfe7ab4eb4da243c88f891d65deb4a2556ee7", size = 654020 }
wheels = [
    { url = "https://files.pythonhosted.org/packages/73/66/0a72c9fcde42e5650c8d8d5c5c1873b9a3893018020c77ca8eb62708b923/pydantic-2.4.2-py3-none-any.whl", hash = "sha256:bc3ddf669d234f4220e6e1c4d96b061abe0998185a8d7855c0126782b7abc8c1", size = 395759 },
]

[[package]]
name = "pydantic-core"
version = "2.10.1"
source = { registry = "https://pypi.org/simple" }
dependencies = [
    { name = "typing-extensions" },
]
sdist = { url = "https://files.pythonhosted.org/packages/af/31/8e466c6ed47cddf23013d2f2ccf3fdb5b908ffa1d5c444150c41690d6eca/pydantic_core-2.10.1.tar.gz", hash = "sha256:0f8682dbdd2f67f8e1edddcbffcc29f60a6182b4901c367fc8c1c40d30bb0a82", size = 347316 }
wheels = [
    { url = "https://files.pythonhosted.org/packages/0b/0e/65f6de84186c694ee8345d58cc625fe347ae7682374e2d6538bfad04a649/pydantic_core-2.10.1-cp311-cp311-macosx_10_7_x86_64.whl", hash = "sha256:073d4a470b195d2b2245d0343569aac7e979d3a0dcce6c7d2af6d8a920ad0bea", size = 1868637 },
    { url = "https://files.pythonhosted.org/packages/8d/ab/baf66342f1d18228ed3e54a05308b967c3de3692517f3237c570447e6256/pydantic_core-2.10.1-cp311-cp311-macosx_11_0_arm64.whl", hash = "sha256:600d04a7b342363058b9190d4e929a8e2e715c5682a70cc37d5ded1e0dd370b4", size = 1723446 },
    { url = "https://files.pythonhosted.org/packages/a6/4e/69413225ad2530bc468fa049373c48da12c7e27dc21915124c5d2574a593/pydantic_core-2.10.1-cp311-cp311-manylinux_2_17_aarch64.manylinux2014_aarch64.whl", hash = "sha256:39215d809470f4c8d1881758575b2abfb80174a9e8daf8f33b1d4379357e417c", size = 1824445 },
    { url = "https://files.pythonhosted.org/packages/b9/20/d2beaa2b2935de6dd4212d3429680ec1da3fecda7c6230bafa866a5c3a1d/pydantic_core-2.10.1-cp311-cp311-manylinux_2_17_armv7l.manylinux2014_armv7l.whl", hash = "sha256:eeb3d3d6b399ffe55f9a04e09e635554012f1980696d6b0aca3e6cf42a17a03b", size = 1875095 },
    { url = "https://files.pythonhosted.org/packages/06/4e/3f8f1cab0b0cbf97dda7d4e9e4e97d5543b2cf51655809dffc9b43ca8816/pydantic_core-2.10.1-cp311-cp311-manylinux_2_17_ppc64le.manylinux2014_ppc64le.whl", hash = "sha256:a7a7902bf75779bc12ccfc508bfb7a4c47063f748ea3de87135d433a4cca7a2f", size = 1998689 },
    { url = "https://files.pythonhosted.org/packages/c4/43/7c6f10654facb41938e3296ca982a912900ea16e1f223b1fea2296c6c0f6/pydantic_core-2.10.1-cp311-cp311-manylinux_2_17_s390x.manylinux2014_s390x.whl", hash = "sha256:3625578b6010c65964d177626fde80cf60d7f2e297d56b925cb5cdeda6e9925a", size = 2855959 },
    { url = "https://files.pythonhosted.org/packages/39/09/120c06a52ed4bb1022d060bec0a16e5deb4ce79a1c4c11ef9519bc32b59f/pydantic_core-2.10.1-cp311-cp311-manylinux_2_17_x86_64.manylinux2014_x86_64.whl", hash = "sha256:caa48fc31fc7243e50188197b5f0c4228956f97b954f76da157aae7f67269ae8", size = 2049323 },
    { url = "https://files.pythonhosted.org/packages/1e/7d/1d9aca00181f223388f439d0cd1c20c6a99d37ae3a00640c3e7da09dc7f6/pydantic_core-2.10.1-cp311-cp311-manylinux_2_5_i686.manylinux1_i686.whl", hash = "sha256:07ec6d7d929ae9c68f716195ce15e745b3e8fa122fc67698ac6498d802ed0fa4", size = 1940210 },
    { url = "https://files.pythonhosted.org/packages/6c/18/d73a329b97fce152b991c0fa7686f247820a87cb8cee5f1e731913a926c1/pydantic_core-2.10.1-cp311-cp311-musllinux_1_1_aarch64.whl", hash = "sha256:e6f31a17acede6a8cd1ae2d123ce04d8cca74056c9d456075f4f6f85de055607", size = 1983326 },
    { url = "https://files.pythonhosted.org/packages/b8/57/a90587737429561f1917d034c6db46b17bd560520ac6ef8dee261f7a421e/pydantic_core-2.10.1-cp311-cp311-musllinux_1_1_x86_64.whl", hash = "sha256:d8f1ebca515a03e5654f88411420fea6380fc841d1bea08effb28184e3d4899f", size = 2139088 },
    { url = "https://files.pythonhosted.org/packages/ed/4b/54ffc25d0807c3c1f2381b1a285dc19d931e644425756dd8054a226b3c5e/pydantic_core-2.10.1-cp311-none-win32.whl", hash = "sha256:6db2eb9654a85ada248afa5a6db5ff1cf0f7b16043a6b070adc4a5be68c716d6", size = 1759794 },
    { url = "https://files.pythonhosted.org/packages/7c/49/bd863a3d7c5412d739f3a28da0f437f25ccfa92413675c93412e64b812ed/pydantic_core-2.10.1-cp311-none-win_amd64.whl", hash = "sha256:4a5be350f922430997f240d25f8219f93b0c81e15f7b30b868b2fddfc2d05f27", size = 1985865 },
    { url = "https://files.pythonhosted.org/packages/58/2e/8f9abc988bf25385e6418c607ba21a311b48ca0ff24399387f6a0276221c/pydantic_core-2.10.1-cp311-none-win_arm64.whl", hash = "sha256:5fdb39f67c779b183b0c853cd6b45f7db84b84e0571b3ef1c89cdb1dfc367325", size = 1819452 },
    { url = "https://files.pythonhosted.org/packages/1e/5c/8e9256d3e72f0f2f213287bd08753a0fded4164f907f5e0232269b548bc2/pydantic_core-2.10.1-cp312-cp312-macosx_10_7_x86_64.whl", hash = "sha256:b1f22a9ab44de5f082216270552aa54259db20189e68fc12484873d926426921", size = 1853713 },
    { url = "https://files.pythonhosted.org/packages/7e/32/0f8afe171b96c264d2c3bbf7986763699edc7f1156265f1170cb9d978155/pydantic_core-2.10.1-cp312-cp312-macosx_11_0_arm64.whl", hash = "sha256:8572cadbf4cfa95fb4187775b5ade2eaa93511f07947b38f4cd67cf10783b118", size = 1713044 },
    { url = "https://files.pythonhosted.org/packages/bc/45/bf9598373902a270955850dccb365f8a9706c11356e2d4a087fe47cbb93d/pydantic_core-2.10.1-cp312-cp312-manylinux_2_17_aarch64.manylinux2014_aarch64.whl", hash = "sha256:db9a28c063c7c00844ae42a80203eb6d2d6bbb97070cfa00194dff40e6f545ab", size = 1809823 },
    { url = "https://files.pythonhosted.org/packages/c5/68/5ae011884f1e8eda0bd56db36a021b79891da9f10d64152b569e2a76bdd6/pydantic_core-2.10.1-cp312-cp312-manylinux_2_17_armv7l.manylinux2014_armv7l.whl", hash = "sha256:0e2a35baa428181cb2270a15864ec6286822d3576f2ed0f4cd7f0c1708472aff", size = 1848858 },
    { url = "https://files.pythonhosted.org/packages/a2/38/0d848085c1e70ac83ea34a6798eb3e0d5f28c9659f88222a89c71c480cc9/pydantic_core-2.10.1-cp312-cp312-manylinux_2_17_ppc64le.manylinux2014_ppc64le.whl", hash = "sha256:05560ab976012bf40f25d5225a58bfa649bb897b87192a36c6fef1ab132540d7", size = 1980482 },
    { url = "https://files.pythonhosted.org/packages/2f/4d/212cac1a005bb34bc24ca13469c062fb96e5efd2683999acca4a23f10b75/pydantic_core-2.10.1-cp312-cp312-manylinux_2_17_s390x.manylinux2014_s390x.whl", hash = "sha256:d6495008733c7521a89422d7a68efa0a0122c99a5861f06020ef5b1f51f9ba7c", size = 2882280 },
    { url = "https://files.pythonhosted.org/packages/53/ff/c76665d6724f556e81e6bbedd8a0966be84cea838c2f29249cef5140cbed/pydantic_core-2.10.1-cp312-cp312-manylinux_2_17_x86_64.manylinux2014_x86_64.whl", hash = "sha256:14ac492c686defc8e6133e3a2d9eaf5261b3df26b8ae97450c1647286750b901", size = 2007469 },
    { url = "https://files.pythonhosted.org/packages/46/d2/29a7aaa07340d3f5509065167f33ff4241c9b9f1496ce326434a8ebf8d7d/pydantic_core-2.10.1-cp312-cp312-manylinux_2_5_i686.manylinux1_i686.whl", hash = "sha256:8282bab177a9a3081fd3d0a0175a07a1e2bfb7fcbbd949519ea0980f8a07144d", size = 1924720 },
    { url = "https://files.pythonhosted.org/packages/fd/a5/6b9eca1da69b6c51442422d8fcc8453c838a712c01fbedf260e2b0124203/pydantic_core-2.10.1-cp312-cp312-musllinux_1_1_aarch64.whl", hash = "sha256:aafdb89fdeb5fe165043896817eccd6434aee124d5ee9b354f92cd574ba5e78f", size = 1970407 },
    { url = "https://files.pythonhosted.org/packages/b9/b6/c13996fe8881ee4ec4e0e41006d6fbd98d346ff4dfa1972c94a15dcb19df/pydantic_core-2.10.1-cp312-cp312-musllinux_1_1_x86_64.whl", hash = "sha256:f6defd966ca3b187ec6c366604e9296f585021d922e666b99c47e78738b5666c", size = 2126130 },
    { url = "https://files.pythonhosted.org/packages/49/53/c8efc99c928083e2338628adfa1d6985ec622a0b348247611406a77640f2/pydantic_core-2.10.1-cp312-none-win32.whl", hash = "sha256:7c4d1894fe112b0864c1fa75dffa045720a194b227bed12f4be7f6045b25209f", size = 1753464 },
    { url = "https://files.pythonhosted.org/packages/a4/5e/f8436267bb9a35099a75237325107beb640a5a8c8b718492381e9b836719/pydantic_core-2.10.1-cp312-none-win_amd64.whl", hash = "sha256:5994985da903d0b8a08e4935c46ed8daf5be1cf217489e673910951dc533d430", size = 1995229 },
    { url = "https://files.pythonhosted.org/packages/1e/3f/86b9209f6a68a28a90327aed12a3cd62f0c124bf9186d294de3c5b90b935/pydantic_core-2.10.1-cp312-none-win_arm64.whl", hash = "sha256:0d8a8adef23d86d8eceed3e32e9cca8879c7481c183f84ed1a8edc7df073af94", size = 1826418 },
]

[[package]]
name = "python-multipart"
version = "0.0.6"
source = { registry = "https://pypi.org/simple" }
sdist = { url = "https://files.pythonhosted.org/packages/2d/23/abcfad10c3348cb6358400f8adbc21b523bbc6c954494fd0974428068672/python_multipart-0.0.6.tar.gz", hash = "sha256:e9925a80bb668529f1b67c7fdb0a5dacdd7cbfc6fb0bff3ea443fe22bdd62132", size = 31024 }
wheels = [
    { url = "https://files.pythonhosted.org/packages/b4/ff/b1e11d8bffb5e0e1b6d27f402eeedbeb9be6df2cdbc09356a1ae49806dbf/python_multipart-0.0.6-py3-none-any.whl", hash = "sha256:ee698bab5ef148b0a760751c261902cd096e57e10558e11aca17646b74ee1c18", size = 45711 },
]

[[package]]
name = "sniffio"
version = "1.3.1"
source = { registry = "https://pypi.org/simple" }
sdist = { url = "https://files.pythonhosted.org/packages/a2/87/a6771e1546d97e7e041b6ae58d80074f81b7d5121207425c964ddf5cfdbd/sniffio-1.3.1.tar.gz", hash = "sha256:f4324edc670a0f49750a81b895f35c3adb843cca46f0530f79fc1babb23789dc", size = 20372 }
wheels = [
    { url = "https://files.pythonhosted.org/packages/e9/44/75a9c9421471a6c4805dbf2356f7c181a29c1879239abab1ea2cc8f38b40/sniffio-1.3.1-py3-none-any.whl", hash = "sha256:2f6da418d1f1e0fddd844478f41680e794e6051915791a034ff65e5f100525a2", size = 10235 },
]

[[package]]
name = "starlette"
version = "0.27.0"
source = { registry = "https://pypi.org/simple" }
dependencies = [
    { name = "anyio" },
]
sdist = { url = "https://files.pythonhosted.org/packages/06/68/559bed5484e746f1ab2ebbe22312f2c25ec62e4b534916d41a8c21147bf8/starlette-0.27.0.tar.gz", hash = "sha256:6a6b0d042acb8d469a01eba54e9cda6cbd24ac602c4cd016723117d6a7e73b75", size = 51394 }
wheels = [
    { url = "https://files.pythonhosted.org/packages/58/f8/e2cca22387965584a409795913b774235752be4176d276714e15e1a58884/starlette-0.27.0-py3-none-any.whl", hash = "sha256:918416370e846586541235ccd38a474c08b80443ed31c578a418e2209b3eef91", size = 66978 },
]

[[package]]
name = "typing-extensions"
version = "4.13.2"
source = { registry = "https://pypi.org/simple" }
sdist = { url = "https://files.pythonhosted.org/packages/f6/37/23083fcd6e35492953e8d2aaaa68b860eb422b34627b13f2ce3eb6106061/typing_extensions-4.13.2.tar.gz", hash = "sha256:e6c81219bd689f51865d9e372991c540bda33a0379d5573cddb9a3a23f7caaef", size = 106967 }
wheels = [
    { url = "https://files.pythonhosted.org/packages/8b/54/b1ae86c0973cc6f0210b53d508ca3641fb6d0c56823f288d108bc7ab3cc8/typing_extensions-4.13.2-py3-none-any.whl", hash = "sha256:a439e7c04b49fec3e5d3e2beaa21755cadbbdc391694e28ccdd36ca4a1408f8c", size = 45806 },
]

[[package]]
name = "uvicorn"
version = "0.23.2"
source = { registry = "https://pypi.org/simple" }
dependencies = [
    { name = "click" },
    { name = "h11" },
]
sdist = { url = "https://files.pythonhosted.org/packages/4c/b3/aa7eb8367959623eef0527f876e371f1ac5770a3b31d3d6db34337b795e6/uvicorn-0.23.2.tar.gz", hash = "sha256:4d3cc12d7727ba72b64d12d3cc7743124074c0a69f7b201512fc50c3e3f1569a", size = 40034 }
wheels = [
    { url = "https://files.pythonhosted.org/packages/79/96/b0882a1c3f7ef3dd86879e041212ae5b62b4bd352320889231cc735a8e8f/uvicorn-0.23.2-py3-none-any.whl", hash = "sha256:1f9be6558f01239d4fdf22ef8126c39cb1ad0addf76c40e760549d2c2f43ab53", size = 59544 },
]
